
Microsoft Visual Studio Solution File, Format Version 12.00
# Visual Studio 15
VisualStudioVersion = 15.0.27130.2010
MinimumVisualStudioVersion = 10.0.40219.1
Project("{FAE04EC0-301F-11D3-BF4B-00C04F79EFBC}") = "GridExercise1.Android", "GridExercise1\GridExercise1.Android\GridExercise1.Android.csproj", "{FCF91E1E-B125-4070-8833-8301043E2958}"
EndProject
Project("{FAE04EC0-301F-11D3-BF4B-00C04F79EFBC}") = "GridExercise1.iOS", "GridExercise1\GridExercise1.iOS\GridExercise1.iOS.csproj", "{7F53A1A6-1FA4-4D77-902A-4D413409C1FB}"
EndProject
Project("{FAE04EC0-301F-11D3-BF4B-00C04F79EFBC}") = "GridExercise1.UWP", "GridExercise1\GridExercise1.UWP\GridExercise1.UWP.csproj", "{3B776E47-0D68-411A-A4EB-3041D068AA82}"
EndProject
Project("{FAE04EC0-301F-11D3-BF4B-00C04F79EFBC}") = "GridExercise1", "GridExercise1\GridExercise1\GridExercise1.csproj", "{F0356DF1-4731-4F55-8345-CF9CC5F3431F}"
EndProject
Global
	GlobalSection(SolutionConfigurationPlatforms) = preSolution
		Ad-Hoc|Any CPU = Ad-Hoc|Any CPU
		Ad-Hoc|ARM = Ad-Hoc|ARM
		Ad-Hoc|iPhone = Ad-Hoc|iPhone
		Ad-Hoc|iPhoneSimulator = Ad-Hoc|iPhoneSimulator
		Ad-Hoc|x64 = Ad-Hoc|x64
		Ad-Hoc|x86 = Ad-Hoc|x86
		AppStore|Any CPU = AppStore|Any CPU
		AppStore|ARM = AppStore|ARM
		AppStore|iPhone = AppStore|iPhone
		AppStore|iPhoneSimulator = AppStore|iPhoneSimulator
		AppStore|x64 = AppStore|x64
		AppStore|x86 = AppStore|x86
		Debug|Any CPU = Debug|Any CPU
		Debug|ARM = Debug|ARM
		Debug|iPhone = Debug|iPhone
		Debug|iPhoneSimulator = Debug|iPhoneSimulator
		Debug|x64 = Debug|x64
		Debug|x86 = Debug|x86
		Release|Any CPU = Release|Any CPU
		Release|ARM = Release|ARM
		Release|iPhone = Release|iPhone
		Release|iPhoneSimulator = Release|iPhoneSimulator
		Release|x64 = Release|x64
		Release|x86 = Release|x86
	EndGlobalSection
	GlobalSection(ProjectConfigurationPlatforms) = postSolution
		{FCF91E1E-B125-4070-8833-8301043E2958}.Ad-Hoc|Any CPU.ActiveCfg = Release|Any CPU
		{FCF91E1E-B125-4070-8833-8301043E2958}.Ad-Hoc|Any CPU.Build.0 = Release|Any CPU
		{FCF91E1E-B125-4070-8833-8301043E2958}.Ad-Hoc|Any CPU.Deploy.0 = Release|Any CPU
		{FCF91E1E-B125-4070-8833-8301043E2958}.Ad-Hoc|ARM.ActiveCfg = Release|Any CPU
		{FCF91E1E-B125-4070-8833-8301043E2958}.Ad-Hoc|ARM.Build.0 = Release|Any CPU
		{FCF91E1E-B125-4070-8833-8301043E2958}.Ad-Hoc|ARM.Deploy.0 = Release|Any CPU
		{FCF91E1E-B125-4070-8833-8301043E2958}.Ad-Hoc|iPhone.ActiveCfg = Release|Any CPU
		{FCF91E1E-B125-4070-8833-8301043E2958}.Ad-Hoc|iPhone.Build.0 = Release|Any CPU
		{FCF91E1E-B125-4070-8833-8301043E2958}.Ad-Hoc|iPhone.Deploy.0 = Release|Any CPU
		{FCF91E1E-B125-4070-8833-8301043E2958}.Ad-Hoc|iPhoneSimulator.ActiveCfg = Release|Any CPU
		{FCF91E1E-B125-4070-8833-8301043E2958}.Ad-Hoc|iPhoneSimulator.Build.0 = Release|Any CPU
		{FCF91E1E-B125-4070-8833-8301043E2958}.Ad-Hoc|iPhoneSimulator.Deploy.0 = Release|Any CPU
		{FCF91E1E-B125-4070-8833-8301043E2958}.Ad-Hoc|x64.ActiveCfg = Release|Any CPU
		{FCF91E1E-B125-4070-8833-8301043E2958}.Ad-Hoc|x64.Build.0 = Release|Any CPU
		{FCF91E1E-B125-4070-8833-8301043E2958}.Ad-Hoc|x64.Deploy.0 = Release|Any CPU
		{FCF91E1E-B125-4070-8833-8301043E2958}.Ad-Hoc|x86.ActiveCfg = Release|Any CPU
		{FCF91E1E-B125-4070-8833-8301043E2958}.Ad-Hoc|x86.Build.0 = Release|Any CPU
		{FCF91E1E-B125-4070-8833-8301043E2958}.Ad-Hoc|x86.Deploy.0 = Release|Any CPU
		{FCF91E1E-B125-4070-8833-8301043E2958}.AppStore|Any CPU.ActiveCfg = Release|Any CPU
		{FCF91E1E-B125-4070-8833-8301043E2958}.AppStore|Any CPU.Build.0 = Release|Any CPU
		{FCF91E1E-B125-4070-8833-8301043E2958}.AppStore|Any CPU.Deploy.0 = Release|Any CPU
		{FCF91E1E-B125-4070-8833-8301043E2958}.AppStore|ARM.ActiveCfg = Release|Any CPU
		{FCF91E1E-B125-4070-8833-8301043E2958}.AppStore|ARM.Build.0 = Release|Any CPU
		{FCF91E1E-B125-4070-8833-8301043E2958}.AppStore|ARM.Deploy.0 = Release|Any CPU
		{FCF91E1E-B125-4070-8833-8301043E2958}.AppStore|iPhone.ActiveCfg = Release|Any CPU
		{FCF91E1E-B125-4070-8833-8301043E2958}.AppStore|iPhone.Build.0 = Release|Any CPU
		{FCF91E1E-B125-4070-8833-8301043E2958}.AppStore|iPhone.Deploy.0 = Release|Any CPU
		{FCF91E1E-B125-4070-8833-8301043E2958}.AppStore|iPhoneSimulator.ActiveCfg = Release|Any CPU
		{FCF91E1E-B125-4070-8833-8301043E2958}.AppStore|iPhoneSimulator.Build.0 = Release|Any CPU
		{FCF91E1E-B125-4070-8833-8301043E2958}.AppStore|iPhoneSimulator.Deploy.0 = Release|Any CPU
		{FCF91E1E-B125-4070-8833-8301043E2958}.AppStore|x64.ActiveCfg = Release|Any CPU
		{FCF91E1E-B125-4070-8833-8301043E2958}.AppStore|x64.Build.0 = Release|Any CPU
		{FCF91E1E-B125-4070-8833-8301043E2958}.AppStore|x64.Deploy.0 = Release|Any CPU
		{FCF91E1E-B125-4070-8833-8301043E2958}.AppStore|x86.ActiveCfg = Release|Any CPU
		{FCF91E1E-B125-4070-8833-8301043E2958}.AppStore|x86.Build.0 = Release|Any CPU
		{FCF91E1E-B125-4070-8833-8301043E2958}.AppStore|x86.Deploy.0 = Release|Any CPU
		{FCF91E1E-B125-4070-8833-8301043E2958}.Debug|Any CPU.ActiveCfg = Debug|Any CPU
		{FCF91E1E-B125-4070-8833-8301043E2958}.Debug|Any CPU.Build.0 = Debug|Any CPU
		{FCF91E1E-B125-4070-8833-8301043E2958}.Debug|Any CPU.Deploy.0 = Debug|Any CPU
		{FCF91E1E-B125-4070-8833-8301043E2958}.Debug|ARM.ActiveCfg = Debug|Any CPU
		{FCF91E1E-B125-4070-8833-8301043E2958}.Debug|ARM.Build.0 = Debug|Any CPU
		{FCF91E1E-B125-4070-8833-8301043E2958}.Debug|ARM.Deploy.0 = Debug|Any CPU
		{FCF91E1E-B125-4070-8833-8301043E2958}.Debug|iPhone.ActiveCfg = Debug|Any CPU
		{FCF91E1E-B125-4070-8833-8301043E2958}.Debug|iPhone.Build.0 = Debug|Any CPU
		{FCF91E1E-B125-4070-8833-8301043E2958}.Debug|iPhone.Deploy.0 = Debug|Any CPU
		{FCF91E1E-B125-4070-8833-8301043E2958}.Debug|iPhoneSimulator.ActiveCfg = Debug|Any CPU
		{FCF91E1E-B125-4070-8833-8301043E2958}.Debug|iPhoneSimulator.Build.0 = Debug|Any CPU
		{FCF91E1E-B125-4070-8833-8301043E2958}.Debug|iPhoneSimulator.Deploy.0 = Debug|Any CPU
		{FCF91E1E-B125-4070-8833-8301043E2958}.Debug|x64.ActiveCfg = Debug|Any CPU
		{FCF91E1E-B125-4070-8833-8301043E2958}.Debug|x64.Build.0 = Debug|Any CPU
		{FCF91E1E-B125-4070-8833-8301043E2958}.Debug|x64.Deploy.0 = Debug|Any CPU
		{FCF91E1E-B125-4070-8833-8301043E2958}.Debug|x86.ActiveCfg = Debug|Any CPU
		{FCF91E1E-B125-4070-8833-8301043E2958}.Debug|x86.Build.0 = Debug|Any CPU
		{FCF91E1E-B125-4070-8833-8301043E2958}.Debug|x86.Deploy.0 = Debug|Any CPU
		{FCF91E1E-B125-4070-8833-8301043E2958}.Release|Any CPU.ActiveCfg = Release|Any CPU
		{FCF91E1E-B125-4070-8833-8301043E2958}.Release|Any CPU.Build.0 = Release|Any CPU
		{FCF91E1E-B125-4070-8833-8301043E2958}.Release|Any CPU.Deploy.0 = Release|Any CPU
		{FCF91E1E-B125-4070-8833-8301043E2958}.Release|ARM.ActiveCfg = Release|Any CPU
		{FCF91E1E-B125-4070-8833-8301043E2958}.Release|ARM.Build.0 = Release|Any CPU
		{FCF91E1E-B125-4070-8833-8301043E2958}.Release|ARM.Deploy.0 = Release|Any CPU
		{FCF91E1E-B125-4070-8833-8301043E2958}.Release|iPhone.ActiveCfg = Release|Any CPU
		{FCF91E1E-B125-4070-8833-8301043E2958}.Release|iPhone.Build.0 = Release|Any CPU
		{FCF91E1E-B125-4070-8833-8301043E2958}.Release|iPhone.Deploy.0 = Release|Any CPU
		{FCF91E1E-B125-4070-8833-8301043E2958}.Release|iPhoneSimulator.ActiveCfg = Release|Any CPU
		{FCF91E1E-B125-4070-8833-8301043E2958}.Release|iPhoneSimulator.Build.0 = Release|Any CPU
		{FCF91E1E-B125-4070-8833-8301043E2958}.Release|iPhoneSimulator.Deploy.0 = Release|Any CPU
		{FCF91E1E-B125-4070-8833-8301043E2958}.Release|x64.ActiveCfg = Release|Any CPU
		{FCF91E1E-B125-4070-8833-8301043E2958}.Release|x64.Build.0 = Release|Any CPU
		{FCF91E1E-B125-4070-8833-8301043E2958}.Release|x64.Deploy.0 = Release|Any CPU
		{FCF91E1E-B125-4070-8833-8301043E2958}.Release|x86.ActiveCfg = Release|Any CPU
		{FCF91E1E-B125-4070-8833-8301043E2958}.Release|x86.Build.0 = Release|Any CPU
		{FCF91E1E-B125-4070-8833-8301043E2958}.Release|x86.Deploy.0 = Release|Any CPU
		{7F53A1A6-1FA4-4D77-902A-4D413409C1FB}.Ad-Hoc|Any CPU.ActiveCfg = Ad-Hoc|iPhone
		{7F53A1A6-1FA4-4D77-902A-4D413409C1FB}.Ad-Hoc|ARM.ActiveCfg = Ad-Hoc|iPhone
		{7F53A1A6-1FA4-4D77-902A-4D413409C1FB}.Ad-Hoc|iPhone.ActiveCfg = Ad-Hoc|iPhone
		{7F53A1A6-1FA4-4D77-902A-4D413409C1FB}.Ad-Hoc|iPhone.Build.0 = Ad-Hoc|iPhone
		{7F53A1A6-1FA4-4D77-902A-4D413409C1FB}.Ad-Hoc|iPhoneSimulator.ActiveCfg = Ad-Hoc|iPhoneSimulator
		{7F53A1A6-1FA4-4D77-902A-4D413409C1FB}.Ad-Hoc|iPhoneSimulator.Build.0 = Ad-Hoc|iPhoneSimulator
		{7F53A1A6-1FA4-4D77-902A-4D413409C1FB}.Ad-Hoc|x64.ActiveCfg = Ad-Hoc|iPhone
		{7F53A1A6-1FA4-4D77-902A-4D413409C1FB}.Ad-Hoc|x86.ActiveCfg = Ad-Hoc|iPhone
		{7F53A1A6-1FA4-4D77-902A-4D413409C1FB}.AppStore|Any CPU.ActiveCfg = AppStore|iPhone
		{7F53A1A6-1FA4-4D77-902A-4D413409C1FB}.AppStore|ARM.ActiveCfg = AppStore|iPhone
		{7F53A1A6-1FA4-4D77-902A-4D413409C1FB}.AppStore|iPhone.ActiveCfg = AppStore|iPhone
		{7F53A1A6-1FA4-4D77-902A-4D413409C1FB}.AppStore|iPhone.Build.0 = AppStore|iPhone
		{7F53A1A6-1FA4-4D77-902A-4D413409C1FB}.AppStore|iPhoneSimulator.ActiveCfg = AppStore|iPhoneSimulator
		{7F53A1A6-1FA4-4D77-902A-4D413409C1FB}.AppStore|iPhoneSimulator.Build.0 = AppStore|iPhoneSimulator
		{7F53A1A6-1FA4-4D77-902A-4D413409C1FB}.AppStore|x64.ActiveCfg = AppStore|iPhone
		{7F53A1A6-1FA4-4D77-902A-4D413409C1FB}.AppStore|x86.ActiveCfg = AppStore|iPhone
		{7F53A1A6-1FA4-4D77-902A-4D413409C1FB}.Debug|Any CPU.ActiveCfg = Debug|iPhone
		{7F53A1A6-1FA4-4D77-902A-4D413409C1FB}.Debug|ARM.ActiveCfg = Debug|iPhone
		{7F53A1A6-1FA4-4D77-902A-4D413409C1FB}.Debug|iPhone.ActiveCfg = Debug|iPhone
		{7F53A1A6-1FA4-4D77-902A-4D413409C1FB}.Debug|iPhone.Build.0 = Debug|iPhone
		{7F53A1A6-1FA4-4D77-902A-4D413409C1FB}.Debug|iPhoneSimulator.ActiveCfg = Debug|iPhoneSimulator
		{7F53A1A6-1FA4-4D77-902A-4D413409C1FB}.Debug|iPhoneSimulator.Build.0 = Debug|iPhoneSimulator
		{7F53A1A6-1FA4-4D77-902A-4D413409C1FB}.Debug|x64.ActiveCfg = Debug|iPhone
		{7F53A1A6-1FA4-4D77-902A-4D413409C1FB}.Debug|x86.ActiveCfg = Debug|iPhone
		{7F53A1A6-1FA4-4D77-902A-4D413409C1FB}.Release|Any CPU.ActiveCfg = Release|iPhone
		{7F53A1A6-1FA4-4D77-902A-4D413409C1FB}.Release|ARM.ActiveCfg = Release|iPhone
		{7F53A1A6-1FA4-4D77-902A-4D413409C1FB}.Release|iPhone.ActiveCfg = Release|iPhone
		{7F53A1A6-1FA4-4D77-902A-4D413409C1FB}.Release|iPhone.Build.0 = Release|iPhone
		{7F53A1A6-1FA4-4D77-902A-4D413409C1FB}.Release|iPhoneSimulator.ActiveCfg = Release|iPhoneSimulator
		{7F53A1A6-1FA4-4D77-902A-4D413409C1FB}.Release|iPhoneSimulator.Build.0 = Release|iPhoneSimulator
		{7F53A1A6-1FA4-4D77-902A-4D413409C1FB}.Release|x64.ActiveCfg = Release|iPhone
		{7F53A1A6-1FA4-4D77-902A-4D413409C1FB}.Release|x86.ActiveCfg = Release|iPhone
		{3B776E47-0D68-411A-A4EB-3041D068AA82}.Ad-Hoc|Any CPU.ActiveCfg = Release|x86
		{3B776E47-0D68-411A-A4EB-3041D068AA82}.Ad-Hoc|Any CPU.Build.0 = Release|x86
		{3B776E47-0D68-411A-A4EB-3041D068AA82}.Ad-Hoc|Any CPU.Deploy.0 = Release|x86
		{3B776E47-0D68-411A-A4EB-3041D068AA82}.Ad-Hoc|ARM.ActiveCfg = Release|ARM
		{3B776E47-0D68-411A-A4EB-3041D068AA82}.Ad-Hoc|ARM.Build.0 = Release|ARM
		{3B776E47-0D68-411A-A4EB-3041D068AA82}.Ad-Hoc|ARM.Deploy.0 = Release|ARM
		{3B776E47-0D68-411A-A4EB-3041D068AA82}.Ad-Hoc|iPhone.ActiveCfg = Release|x86
		{3B776E47-0D68-411A-A4EB-3041D068AA82}.Ad-Hoc|iPhone.Build.0 = Release|x86
		{3B776E47-0D68-411A-A4EB-3041D068AA82}.Ad-Hoc|iPhone.Deploy.0 = Release|x86
		{3B776E47-0D68-411A-A4EB-3041D068AA82}.Ad-Hoc|iPhoneSimulator.ActiveCfg = Release|x86
		{3B776E47-0D68-411A-A4EB-3041D068AA82}.Ad-Hoc|iPhoneSimulator.Build.0 = Release|x86
		{3B776E47-0D68-411A-A4EB-3041D068AA82}.Ad-Hoc|iPhoneSimulator.Deploy.0 = Release|x86
		{3B776E47-0D68-411A-A4EB-3041D068AA82}.Ad-Hoc|x64.ActiveCfg = Release|x64
		{3B776E47-0D68-411A-A4EB-3041D068AA82}.Ad-Hoc|x64.Build.0 = Release|x64
		{3B776E47-0D68-411A-A4EB-3041D068AA82}.Ad-Hoc|x64.Deploy.0 = Release|x64
		{3B776E47-0D68-411A-A4EB-3041D068AA82}.Ad-Hoc|x86.ActiveCfg = Release|x86
		{3B776E47-0D68-411A-A4EB-3041D068AA82}.Ad-Hoc|x86.Build.0 = Release|x86
		{3B776E47-0D68-411A-A4EB-3041D068AA82}.Ad-Hoc|x86.Deploy.0 = Release|x86
		{3B776E47-0D68-411A-A4EB-3041D068AA82}.AppStore|Any CPU.ActiveCfg = Release|x86
		{3B776E47-0D68-411A-A4EB-3041D068AA82}.AppStore|Any CPU.Build.0 = Release|x86
		{3B776E47-0D68-411A-A4EB-3041D068AA82}.AppStore|Any CPU.Deploy.0 = Release|x86
		{3B776E47-0D68-411A-A4EB-3041D068AA82}.AppStore|ARM.ActiveCfg = Release|ARM
		{3B776E47-0D68-411A-A4EB-3041D068AA82}.AppStore|ARM.Build.0 = Release|ARM
		{3B776E47-0D68-411A-A4EB-3041D068AA82}.AppStore|ARM.Deploy.0 = Release|ARM
		{3B776E47-0D68-411A-A4EB-3041D068AA82}.AppStore|iPhone.ActiveCfg = Release|x86
		{3B776E47-0D68-411A-A4EB-3041D068AA82}.AppStore|iPhone.Build.0 = Release|x86
		{3B776E47-0D68-411A-A4EB-3041D068AA82}.AppStore|iPhone.Deploy.0 = Release|x86
		{3B776E47-0D68-411A-A4EB-3041D068AA82}.AppStore|iPhoneSimulator.ActiveCfg = Release|x86
		{3B776E47-0D68-411A-A4EB-3041D068AA82}.AppStore|iPhoneSimulator.Build.0 = Release|x86
		{3B776E47-0D68-411A-A4EB-3041D068AA82}.AppStore|iPhoneSimulator.Deploy.0 = Release|x86
		{3B776E47-0D68-411A-A4EB-3041D068AA82}.AppStore|x64.ActiveCfg = Release|x64
		{3B776E47-0D68-411A-A4EB-3041D068AA82}.AppStore|x64.Build.0 = Release|x64
		{3B776E47-0D68-411A-A4EB-3041D068AA82}.AppStore|x64.Deploy.0 = Release|x64
		{3B776E47-0D68-411A-A4EB-3041D068AA82}.AppStore|x86.ActiveCfg = Release|x86
		{3B776E47-0D68-411A-A4EB-3041D068AA82}.AppStore|x86.Build.0 = Release|x86
		{3B776E47-0D68-411A-A4EB-3041D068AA82}.AppStore|x86.Deploy.0 = Release|x86
		{3B776E47-0D68-411A-A4EB-3041D068AA82}.Debug|Any CPU.ActiveCfg = Debug|x86
		{3B776E47-0D68-411A-A4EB-3041D068AA82}.Debug|ARM.ActiveCfg = Debug|ARM
		{3B776E47-0D68-411A-A4EB-3041D068AA82}.Debug|ARM.Build.0 = Debug|ARM
		{3B776E47-0D68-411A-A4EB-3041D068AA82}.Debug|ARM.Deploy.0 = Debug|ARM
		{3B776E47-0D68-411A-A4EB-3041D068AA82}.Debug|iPhone.ActiveCfg = Debug|x86
		{3B776E47-0D68-411A-A4EB-3041D068AA82}.Debug|iPhoneSimulator.ActiveCfg = Debug|x86
		{3B776E47-0D68-411A-A4EB-3041D068AA82}.Debug|x64.ActiveCfg = Debug|x64
		{3B776E47-0D68-411A-A4EB-3041D068AA82}.Debug|x64.Build.0 = Debug|x64
		{3B776E47-0D68-411A-A4EB-3041D068AA82}.Debug|x64.Deploy.0 = Debug|x64
		{3B776E47-0D68-411A-A4EB-3041D068AA82}.Debug|x86.ActiveCfg = Debug|x86
		{3B776E47-0D68-411A-A4EB-3041D068AA82}.Debug|x86.Build.0 = Debug|x86
		{3B776E47-0D68-411A-A4EB-3041D068AA82}.Debug|x86.Deploy.0 = Debug|x86
		{3B776E47-0D68-411A-A4EB-3041D068AA82}.Release|Any CPU.ActiveCfg = Release|x86
		{3B776E47-0D68-411A-A4EB-3041D068AA82}.Release|ARM.ActiveCfg = Release|ARM
		{3B776E47-0D68-411A-A4EB-3041D068AA82}.Release|ARM.Build.0 = Release|ARM
		{3B776E47-0D68-411A-A4EB-3041D068AA82}.Release|ARM.Deploy.0 = Release|ARM
		{3B776E47-0D68-411A-A4EB-3041D068AA82}.Release|iPhone.ActiveCfg = Release|x86
		{3B776E47-0D68-411A-A4EB-3041D068AA82}.Release|iPhoneSimulator.ActiveCfg = Release|x86
		{3B776E47-0D68-411A-A4EB-3041D068AA82}.Release|x64.ActiveCfg = Release|x64
		{3B776E47-0D68-411A-A4EB-3041D068AA82}.Release|x64.Build.0 = Release|x64
		{3B776E47-0D68-411A-A4EB-3041D068AA82}.Release|x64.Deploy.0 = Release|x64
		{3B776E47-0D68-411A-A4EB-3041D068AA82}.Release|x86.ActiveCfg = Release|x86
		{3B776E47-0D68-411A-A4EB-3041D068AA82}.Release|x86.Build.0 = Release|x86
		{3B776E47-0D68-411A-A4EB-3041D068AA82}.Release|x86.Deploy.0 = Release|x86
		{F0356DF1-4731-4F55-8345-CF9CC5F3431F}.Ad-Hoc|Any CPU.ActiveCfg = Debug|Any CPU
		{F0356DF1-4731-4F55-8345-CF9CC5F3431F}.Ad-Hoc|Any CPU.Build.0 = Debug|Any CPU
		{F0356DF1-4731-4F55-8345-CF9CC5F3431F}.Ad-Hoc|ARM.ActiveCfg = Debug|Any CPU
		{F0356DF1-4731-4F55-8345-CF9CC5F3431F}.Ad-Hoc|ARM.Build.0 = Debug|Any CPU
		{F0356DF1-4731-4F55-8345-CF9CC5F3431F}.Ad-Hoc|iPhone.ActiveCfg = Debug|Any CPU
		{F0356DF1-4731-4F55-8345-CF9CC5F3431F}.Ad-Hoc|iPhone.Build.0 = Debug|Any CPU
		{F0356DF1-4731-4F55-8345-CF9CC5F3431F}.Ad-Hoc|iPhoneSimulator.ActiveCfg = Debug|Any CPU
		{F0356DF1-4731-4F55-8345-CF9CC5F3431F}.Ad-Hoc|iPhoneSimulator.Build.0 = Debug|Any CPU
		{F0356DF1-4731-4F55-8345-CF9CC5F3431F}.Ad-Hoc|x64.ActiveCfg = Debug|Any CPU
		{F0356DF1-4731-4F55-8345-CF9CC5F3431F}.Ad-Hoc|x64.Build.0 = Debug|Any CPU
		{F0356DF1-4731-4F55-8345-CF9CC5F3431F}.Ad-Hoc|x86.ActiveCfg = Debug|Any CPU
		{F0356DF1-4731-4F55-8345-CF9CC5F3431F}.Ad-Hoc|x86.Build.0 = Debug|Any CPU
		{F0356DF1-4731-4F55-8345-CF9CC5F3431F}.AppStore|Any CPU.ActiveCfg = Debug|Any CPU
		{F0356DF1-4731-4F55-8345-CF9CC5F3431F}.AppStore|Any CPU.Build.0 = Debug|Any CPU
		{F0356DF1-4731-4F55-8345-CF9CC5F3431F}.AppStore|ARM.ActiveCfg = Debug|Any CPU
		{F0356DF1-4731-4F55-8345-CF9CC5F3431F}.AppStore|ARM.Build.0 = Debug|Any CPU
		{F0356DF1-4731-4F55-8345-CF9CC5F3431F}.AppStore|iPhone.ActiveCfg = Debug|Any CPU
		{F0356DF1-4731-4F55-8345-CF9CC5F3431F}.AppStore|iPhone.Build.0 = Debug|Any CPU
		{F0356DF1-4731-4F55-8345-CF9CC5F3431F}.AppStore|iPhoneSimulator.ActiveCfg = Debug|Any CPU
		{F0356DF1-4731-4F55-8345-CF9CC5F3431F}.AppStore|iPhoneSimulator.Build.0 = Debug|Any CPU
		{F0356DF1-4731-4F55-8345-CF9CC5F3431F}.AppStore|x64.ActiveCfg = Debug|Any CPU
		{F0356DF1-4731-4F55-8345-CF9CC5F3431F}.AppStore|x64.Build.0 = Debug|Any CPU
		{F0356DF1-4731-4F55-8345-CF9CC5F3431F}.AppStore|x86.ActiveCfg = Debug|Any CPU
		{F0356DF1-4731-4F55-8345-CF9CC5F3431F}.AppStore|x86.Build.0 = Debug|Any CPU
		{F0356DF1-4731-4F55-8345-CF9CC5F3431F}.Debug|Any CPU.ActiveCfg = Debug|Any CPU
		{F0356DF1-4731-4F55-8345-CF9CC5F3431F}.Debug|Any CPU.Build.0 = Debug|Any CPU
		{F0356DF1-4731-4F55-8345-CF9CC5F3431F}.Debug|ARM.ActiveCfg = Debug|Any CPU
		{F0356DF1-4731-4F55-8345-CF9CC5F3431F}.Debug|ARM.Build.0 = Debug|Any CPU
		{F0356DF1-4731-4F55-8345-CF9CC5F3431F}.Debug|iPhone.ActiveCfg = Debug|Any CPU
		{F0356DF1-4731-4F55-8345-CF9CC5F3431F}.Debug|iPhone.Build.0 = Debug|Any CPU
		{F0356DF1-4731-4F55-8345-CF9CC5F3431F}.Debug|iPhoneSimulator.ActiveCfg = Debug|Any CPU
		{F0356DF1-4731-4F55-8345-CF9CC5F3431F}.Debug|iPhoneSimulator.Build.0 = Debug|Any CPU
		{F0356DF1-4731-4F55-8345-CF9CC5F3431F}.Debug|x64.ActiveCfg = Debug|Any CPU
		{F0356DF1-4731-4F55-8345-CF9CC5F3431F}.Debug|x64.Build.0 = Debug|Any CPU
		{F0356DF1-4731-4F55-8345-CF9CC5F3431F}.Debug|x86.ActiveCfg = Debug|Any CPU
		{F0356DF1-4731-4F55-8345-CF9CC5F3431F}.Debug|x86.Build.0 = Debug|Any CPU
		{F0356DF1-4731-4F55-8345-CF9CC5F3431F}.Release|Any CPU.ActiveCfg = Release|Any CPU
		{F0356DF1-4731-4F55-8345-CF9CC5F3431F}.Release|Any CPU.Build.0 = Release|Any CPU
		{F0356DF1-4731-4F55-8345-CF9CC5F3431F}.Release|ARM.ActiveCfg = Release|Any CPU
		{F0356DF1-4731-4F55-8345-CF9CC5F3431F}.Release|ARM.Build.0 = Release|Any CPU
		{F0356DF1-4731-4F55-8345-CF9CC5F3431F}.Release|iPhone.ActiveCfg = Release|Any CPU
		{F0356DF1-4731-4F55-8345-CF9CC5F3431F}.Release|iPhone.Build.0 = Release|Any CPU
		{F0356DF1-4731-4F55-8345-CF9CC5F3431F}.Release|iPhoneSimulator.ActiveCfg = Release|Any CPU
		{F0356DF1-4731-4F55-8345-CF9CC5F3431F}.Release|iPhoneSimulator.Build.0 = Release|Any CPU
		{F0356DF1-4731-4F55-8345-CF9CC5F3431F}.Release|x64.ActiveCfg = Release|Any CPU
		{F0356DF1-4731-4F55-8345-CF9CC5F3431F}.Release|x64.Build.0 = Release|Any CPU
		{F0356DF1-4731-4F55-8345-CF9CC5F3431F}.Release|x86.ActiveCfg = Release|Any CPU
		{F0356DF1-4731-4F55-8345-CF9CC5F3431F}.Release|x86.Build.0 = Release|Any CPU
	EndGlobalSection
	GlobalSection(SolutionProperties) = preSolution
		HideSolutionNode = FALSE
	EndGlobalSection
	GlobalSection(ExtensibilityGlobals) = postSolution
		SolutionGuid = {D30476B5-1514-4556-BD9C-50CACA5A155C}
	EndGlobalSection
EndGlobal
